// !$*UTF8*$!
{
	archiveVersion = 1;
	classes = {
	};
	objectVersion = 50;
	objects = {

/* Begin PBXBuildFile section */
		BC4247FD22EEE62500A6F10A /* Assets.xcassets in Resources */ = {isa = PBXBuildFile; fileRef = BC4247FC22EEE62500A6F10A /* Assets.xcassets */; };
		BC5169CF22E5FEA00029C516 /* BibleViewController.swift in Sources */ = {isa = PBXBuildFile; fileRef = BC5169CE22E5FEA00029C516 /* BibleViewController.swift */; };
		BC5169D222E605C70029C516 /* BookTableViewCell.swift in Sources */ = {isa = PBXBuildFile; fileRef = BC5169D122E605C70029C516 /* BookTableViewCell.swift */; };
		BC57A4B022E4B301000642B7 /* AppDelegate.swift in Sources */ = {isa = PBXBuildFile; fileRef = BC57A4AF22E4B301000642B7 /* AppDelegate.swift */; };
		BC57A4B522E4B301000642B7 /* Main.storyboard in Resources */ = {isa = PBXBuildFile; fileRef = BC57A4B322E4B301000642B7 /* Main.storyboard */; };
		BC82A4A122EA129200EBE51E /* BooksTableViewController.swift in Sources */ = {isa = PBXBuildFile; fileRef = BC82A4A022EA129200EBE51E /* BooksTableViewController.swift */; };
		BC82A4A522EA2B3900EBE51E /* JesusSaysViewController.swift in Sources */ = {isa = PBXBuildFile; fileRef = BC82A4A422EA2B3900EBE51E /* JesusSaysViewController.swift */; };
		BC82A4A722EA76E400EBE51E /* ChristLifeTabBarController.swift in Sources */ = {isa = PBXBuildFile; fileRef = BC82A4A622EA76E400EBE51E /* ChristLifeTabBarController.swift */; };
		BC913F3822ECBF6D00EB2EE3 /* DailyVerses.swift in Sources */ = {isa = PBXBuildFile; fileRef = BC913F3722ECBF6D00EB2EE3 /* DailyVerses.swift */; };
		BC913F3A22ECBFAC00EB2EE3 /* VersesFile.txt in Resources */ = {isa = PBXBuildFile; fileRef = BC913F3922ECBFAB00EB2EE3 /* VersesFile.txt */; };
		BCEB003822E66B7500395ADA /* ChaptersTableViewController.swift in Sources */ = {isa = PBXBuildFile; fileRef = BCEB003722E66B7500395ADA /* ChaptersTableViewController.swift */; };
		BCEB003A22E66BD600395ADA /* ChapterTableViewCell.swift in Sources */ = {isa = PBXBuildFile; fileRef = BCEB003922E66BD600395ADA /* ChapterTableViewCell.swift */; };
		C329BDC8FD6C0E3024C78A42 /* Pods_ChristLife.framework in Frameworks */ = {isa = PBXBuildFile; fileRef = 155A2ED94561D1E42B328BF2 /* Pods_ChristLife.framework */; };
/* End PBXBuildFile section */

/* Begin PBXFileReference section */
		155A2ED94561D1E42B328BF2 /* Pods_ChristLife.framework */ = {isa = PBXFileReference; explicitFileType = wrapper.framework; includeInIndex = 0; path = Pods_ChristLife.framework; sourceTree = BUILT_PRODUCTS_DIR; };
		611D27C253C52EEB8485918D /* Pods-ChristLife.debug.xcconfig */ = {isa = PBXFileReference; includeInIndex = 1; lastKnownFileType = text.xcconfig; name = "Pods-ChristLife.debug.xcconfig"; path = "Target Support Files/Pods-ChristLife/Pods-ChristLife.debug.xcconfig"; sourceTree = "<group>"; };
		BC4247FC22EEE62500A6F10A /* Assets.xcassets */ = {isa = PBXFileReference; lastKnownFileType = folder.assetcatalog; path = Assets.xcassets; sourceTree = "<group>"; };
		BC5169CE22E5FEA00029C516 /* BibleViewController.swift */ = {isa = PBXFileReference; lastKnownFileType = sourcecode.swift; path = BibleViewController.swift; sourceTree = "<group>"; };
		BC5169D122E605C70029C516 /* BookTableViewCell.swift */ = {isa = PBXFileReference; lastKnownFileType = sourcecode.swift; path = BookTableViewCell.swift; sourceTree = "<group>"; };
		BC57A4AC22E4B301000642B7 /* ChristLife.app */ = {isa = PBXFileReference; explicitFileType = wrapper.application; includeInIndex = 0; path = ChristLife.app; sourceTree = BUILT_PRODUCTS_DIR; };
		BC57A4AF22E4B301000642B7 /* AppDelegate.swift */ = {isa = PBXFileReference; lastKnownFileType = sourcecode.swift; path = AppDelegate.swift; sourceTree = "<group>"; };
		BC57A4B422E4B301000642B7 /* Base */ = {isa = PBXFileReference; lastKnownFileType = file.storyboard; name = Base; path = Base.lproj/Main.storyboard; sourceTree = "<group>"; };
		BC57A4BB22E4B302000642B7 /* Info.plist */ = {isa = PBXFileReference; lastKnownFileType = text.plist.xml; path = Info.plist; sourceTree = "<group>"; };
		BC82A4A022EA129200EBE51E /* BooksTableViewController.swift */ = {isa = PBXFileReference; fileEncoding = 4; lastKnownFileType = sourcecode.swift; path = BooksTableViewController.swift; sourceTree = "<group>"; };
		BC82A4A422EA2B3900EBE51E /* JesusSaysViewController.swift */ = {isa = PBXFileReference; lastKnownFileType = sourcecode.swift; path = JesusSaysViewController.swift; sourceTree = "<group>"; };
		BC82A4A622EA76E400EBE51E /* ChristLifeTabBarController.swift */ = {isa = PBXFileReference; lastKnownFileType = sourcecode.swift; path = ChristLifeTabBarController.swift; sourceTree = "<group>"; };
		BC913F3722ECBF6D00EB2EE3 /* DailyVerses.swift */ = {isa = PBXFileReference; lastKnownFileType = sourcecode.swift; path = DailyVerses.swift; sourceTree = "<group>"; };
		BC913F3922ECBFAB00EB2EE3 /* VersesFile.txt */ = {isa = PBXFileReference; fileEncoding = 4; lastKnownFileType = text; path = VersesFile.txt; sourceTree = "<group>"; };
		BCEB003722E66B7500395ADA /* ChaptersTableViewController.swift */ = {isa = PBXFileReference; lastKnownFileType = sourcecode.swift; path = ChaptersTableViewController.swift; sourceTree = "<group>"; };
		BCEB003922E66BD600395ADA /* ChapterTableViewCell.swift */ = {isa = PBXFileReference; lastKnownFileType = sourcecode.swift; path = ChapterTableViewCell.swift; sourceTree = "<group>"; };
		E419B43678B20206EB8C620C /* Pods-ChristLife.release.xcconfig */ = {isa = PBXFileReference; includeInIndex = 1; lastKnownFileType = text.xcconfig; name = "Pods-ChristLife.release.xcconfig"; path = "Target Support Files/Pods-ChristLife/Pods-ChristLife.release.xcconfig"; sourceTree = "<group>"; };
/* End PBXFileReference section */

/* Begin PBXFrameworksBuildPhase section */
		BC57A4A922E4B301000642B7 /* Frameworks */ = {
			isa = PBXFrameworksBuildPhase;
			buildActionMask = 2147483647;
			files = (
				C329BDC8FD6C0E3024C78A42 /* Pods_ChristLife.framework in Frameworks */,
			);
			runOnlyForDeploymentPostprocessing = 0;
		};
/* End PBXFrameworksBuildPhase section */

/* Begin PBXGroup section */
		A3237046199AE5D70B330970 /* Pods */ = {
			isa = PBXGroup;
			children = (
				611D27C253C52EEB8485918D /* Pods-ChristLife.debug.xcconfig */,
				E419B43678B20206EB8C620C /* Pods-ChristLife.release.xcconfig */,
			);
			path = Pods;
			sourceTree = "<group>";
		};
		BC28250D22E4B6F80003F5D4 /* Controllers */ = {
			isa = PBXGroup;
			children = (
				BC42480222EF0F8900A6F10A /* Main */,
				BC42480022EF0F6000A6F10A /* Bible */,
				BC42480122EF0F6B00A6F10A /* JesusSays */,
			);
			path = Controllers;
			sourceTree = "<group>";
		};
		BC28250E22E4B8AD0003F5D4 /* Views */ = {
			isa = PBXGroup;
			children = (
				BC57A4B322E4B301000642B7 /* Main.storyboard */,
			);
			path = Views;
			sourceTree = "<group>";
		};
		BC4247FE22EF0BC900A6F10A /* Resources */ = {
			isa = PBXGroup;
			children = (
				BC4247FC22EEE62500A6F10A /* Assets.xcassets */,
				BC913F3922ECBFAB00EB2EE3 /* VersesFile.txt */,
			);
			path = Resources;
			sourceTree = "<group>";
		};
		BC4247FF22EF0D1300A6F10A /* Supporting Files */ = {
			isa = PBXGroup;
			children = (
				BC57A4AF22E4B301000642B7 /* AppDelegate.swift */,
				BC57A4BB22E4B302000642B7 /* Info.plist */,
			);
			path = "Supporting Files";
			sourceTree = "<group>";
		};
		BC42480022EF0F6000A6F10A /* Bible */ = {
			isa = PBXGroup;
			children = (
				BC5169CE22E5FEA00029C516 /* BibleViewController.swift */,
				BC82A4A022EA129200EBE51E /* BooksTableViewController.swift */,
				BCEB003722E66B7500395ADA /* ChaptersTableViewController.swift */,
			);
			path = Bible;
			sourceTree = "<group>";
		};
		BC42480122EF0F6B00A6F10A /* JesusSays */ = {
			isa = PBXGroup;
			children = (
				BC82A4A422EA2B3900EBE51E /* JesusSaysViewController.swift */,
			);
			path = JesusSays;
			sourceTree = "<group>";
		};
		BC42480222EF0F8900A6F10A /* Main */ = {
			isa = PBXGroup;
			children = (
				BC82A4A622EA76E400EBE51E /* ChristLifeTabBarController.swift */,
			);
			path = Main;
			sourceTree = "<group>";
		};
		BC5169D022E6059D0029C516 /* Models */ = {
			isa = PBXGroup;
			children = (
				BC5169D122E605C70029C516 /* BookTableViewCell.swift */,
				BCEB003922E66BD600395ADA /* ChapterTableViewCell.swift */,
				BC913F3722ECBF6D00EB2EE3 /* DailyVerses.swift */,
			);
			path = Models;
			sourceTree = "<group>";
		};
		BC57A4A322E4B301000642B7 = {
			isa = PBXGroup;
			children = (
				BC57A4AE22E4B301000642B7 /* ChristLife */,
				BC57A4AD22E4B301000642B7 /* Products */,
				A3237046199AE5D70B330970 /* Pods */,
				DFC606A41953384D26FA88D6 /* Frameworks */,
			);
			sourceTree = "<group>";
		};
		BC57A4AD22E4B301000642B7 /* Products */ = {
			isa = PBXGroup;
			children = (
				BC57A4AC22E4B301000642B7 /* ChristLife.app */,
			);
			name = Products;
			sourceTree = "<group>";
		};
		BC57A4AE22E4B301000642B7 /* ChristLife */ = {
			isa = PBXGroup;
			children = (
				BC4247FF22EF0D1300A6F10A /* Supporting Files */,
				BC4247FE22EF0BC900A6F10A /* Resources */,
				BC28250E22E4B8AD0003F5D4 /* Views */,
				BC28250D22E4B6F80003F5D4 /* Controllers */,
				BC5169D022E6059D0029C516 /* Models */,
			);
			path = ChristLife;
			sourceTree = "<group>";
		};
		DFC606A41953384D26FA88D6 /* Frameworks */ = {
			isa = PBXGroup;
			children = (
				155A2ED94561D1E42B328BF2 /* Pods_ChristLife.framework */,
			);
			name = Frameworks;
			sourceTree = "<group>";
		};
/* End PBXGroup section */

/* Begin PBXNativeTarget section */
		BC57A4AB22E4B301000642B7 /* ChristLife */ = {
			isa = PBXNativeTarget;
			buildConfigurationList = BC57A4BE22E4B302000642B7 /* Build configuration list for PBXNativeTarget "ChristLife" */;
			buildPhases = (
				26B7D91DB9770271ECED4B9B /* [CP] Check Pods Manifest.lock */,
				BC57A4A822E4B301000642B7 /* Sources */,
				BC57A4A922E4B301000642B7 /* Frameworks */,
				BC57A4AA22E4B301000642B7 /* Resources */,
				84888299EBBA8DDF86F06610 /* [CP] Embed Pods Frameworks */,
			);
			buildRules = (
			);
			dependencies = (
			);
			name = ChristLife;
			productName = ChristLife;
			productReference = BC57A4AC22E4B301000642B7 /* ChristLife.app */;
			productType = "com.apple.product-type.application";
		};
/* End PBXNativeTarget section */

/* Begin PBXProject section */
		BC57A4A422E4B301000642B7 /* Project object */ = {
			isa = PBXProject;
			attributes = {
				LastSwiftUpdateCheck = 1020;
				LastUpgradeCheck = 1020;
				ORGANIZATIONNAME = "Kirlos Yousef";
				TargetAttributes = {
					BC57A4AB22E4B301000642B7 = {
						CreatedOnToolsVersion = 10.2.1;
					};
				};
			};
			buildConfigurationList = BC57A4A722E4B301000642B7 /* Build configuration list for PBXProject "ChristLife" */;
			compatibilityVersion = "Xcode 9.3";
			developmentRegion = en;
			hasScannedForEncodings = 0;
			knownRegions = (
				en,
				Base,
			);
			mainGroup = BC57A4A322E4B301000642B7;
			productRefGroup = BC57A4AD22E4B301000642B7 /* Products */;
			projectDirPath = "";
			projectRoot = "";
			targets = (
				BC57A4AB22E4B301000642B7 /* ChristLife */,
			);
		};
/* End PBXProject section */

/* Begin PBXResourcesBuildPhase section */
		BC57A4AA22E4B301000642B7 /* Resources */ = {
			isa = PBXResourcesBuildPhase;
			buildActionMask = 2147483647;
			files = (
				BC4247FD22EEE62500A6F10A /* Assets.xcassets in Resources */,
				BC913F3A22ECBFAC00EB2EE3 /* VersesFile.txt in Resources */,
				BC57A4B522E4B301000642B7 /* Main.storyboard in Resources */,
			);
			runOnlyForDeploymentPostprocessing = 0;
		};
/* End PBXResourcesBuildPhase section */

/* Begin PBXShellScriptBuildPhase section */
		26B7D91DB9770271ECED4B9B /* [CP] Check Pods Manifest.lock */ = {
			isa = PBXShellScriptBuildPhase;
			buildActionMask = 2147483647;
			files = (
			);
			inputFileListPaths = (
			);
			inputPaths = (
				"${PODS_PODFILE_DIR_PATH}/Podfile.lock",
				"${PODS_ROOT}/Manifest.lock",
			);
			name = "[CP] Check Pods Manifest.lock";
			outputFileListPaths = (
			);
			outputPaths = (
				"$(DERIVED_FILE_DIR)/Pods-ChristLife-checkManifestLockResult.txt",
			);
			runOnlyForDeploymentPostprocessing = 0;
			shellPath = /bin/sh;
			shellScript = "diff \"${PODS_PODFILE_DIR_PATH}/Podfile.lock\" \"${PODS_ROOT}/Manifest.lock\" > /dev/null\nif [ $? != 0 ] ; then\n    # print error to STDERR\n    echo \"error: The sandbox is not in sync with the Podfile.lock. Run 'pod install' or update your CocoaPods installation.\" >&2\n    exit 1\nfi\n# This output is used by Xcode 'outputs' to avoid re-running this script phase.\necho \"SUCCESS\" > \"${SCRIPT_OUTPUT_FILE_0}\"\n";
			showEnvVarsInLog = 0;
		};
		84888299EBBA8DDF86F06610 /* [CP] Embed Pods Frameworks */ = {
			isa = PBXShellScriptBuildPhase;
			buildActionMask = 2147483647;
			files = (
			);
			inputFileListPaths = (
			);
			inputPaths = (
				"${PODS_ROOT}/Target Support Files/Pods-ChristLife/Pods-ChristLife-frameworks.sh",
				"${BUILT_PRODUCTS_DIR}/MDFInternationalization/MDFInternationalization.framework",
				"${BUILT_PRODUCTS_DIR}/MaterialComponents/MaterialComponents.framework",
				"${BUILT_PRODUCTS_DIR}/dbt-sdk/dbt_sdk.framework",
			);
			name = "[CP] Embed Pods Frameworks";
			outputFileListPaths = (
			);
			outputPaths = (
				"${TARGET_BUILD_DIR}/${FRAMEWORKS_FOLDER_PATH}/MDFInternationalization.framework",
				"${TARGET_BUILD_DIR}/${FRAMEWORKS_FOLDER_PATH}/MaterialComponents.framework",
				"${TARGET_BUILD_DIR}/${FRAMEWORKS_FOLDER_PATH}/dbt_sdk.framework",
			);
			runOnlyForDeploymentPostprocessing = 0;
			shellPath = /bin/sh;
			shellScript = "\"${PODS_ROOT}/Target Support Files/Pods-ChristLife/Pods-ChristLife-frameworks.sh\"\n";
			showEnvVarsInLog = 0;
		};
/* End PBXShellScriptBuildPhase section */

/* Begin PBXSourcesBuildPhase section */
		BC57A4A822E4B301000642B7 /* Sources */ = {
			isa = PBXSourcesBuildPhase;
			buildActionMask = 2147483647;
			files = (
				BC5169D222E605C70029C516 /* BookTableViewCell.swift in Sources */,
				BC82A4A522EA2B3900EBE51E /* JesusSaysViewController.swift in Sources */,
				BC82A4A722EA76E400EBE51E /* ChristLifeTabBarController.swift in Sources */,
				BC913F3822ECBF6D00EB2EE3 /* DailyVerses.swift in Sources */,
				BCEB003822E66B7500395ADA /* ChaptersTableViewController.swift in Sources */,
				BCEB003A22E66BD600395ADA /* ChapterTableViewCell.swift in Sources */,
				BC57A4B022E4B301000642B7 /* AppDelegate.swift in Sources */,
				BC82A4A122EA129200EBE51E /* BooksTableViewController.swift in Sources */,
				BC5169CF22E5FEA00029C516 /* BibleViewController.swift in Sources */,
			);
			runOnlyForDeploymentPostprocessing = 0;
		};
/* End PBXSourcesBuildPhase section */

/* Begin PBXVariantGroup section */
		BC57A4B322E4B301000642B7 /* Main.storyboard */ = {
			isa = PBXVariantGroup;
			children = (
				BC57A4B422E4B301000642B7 /* Base */,
			);
			name = Main.storyboard;
			sourceTree = "<group>";
		};
/* End PBXVariantGroup section */

/* Begin XCBuildConfiguration section */
		BC57A4BC22E4B302000642B7 /* Debug */ = {
			isa = XCBuildConfiguration;
			buildSettings = {
				ALWAYS_SEARCH_USER_PATHS = NO;
				CLANG_ANALYZER_NONNULL = YES;
				CLANG_ANALYZER_NUMBER_OBJECT_CONVERSION = YES_AGGRESSIVE;
				CLANG_CXX_LANGUAGE_STANDARD = "gnu++14";
				CLANG_CXX_LIBRARY = "libc++";
				CLANG_ENABLE_MODULES = YES;
				CLANG_ENABLE_OBJC_ARC = YES;
				CLANG_ENABLE_OBJC_WEAK = YES;
				CLANG_WARN_BLOCK_CAPTURE_AUTORELEASING = YES;
				CLANG_WARN_BOOL_CONVERSION = YES;
				CLANG_WARN_COMMA = YES;
				CLANG_WARN_CONSTANT_CONVERSION = YES;
				CLANG_WARN_DEPRECATED_OBJC_IMPLEMENTATIONS = YES;
				CLANG_WARN_DIRECT_OBJC_ISA_USAGE = YES_ERROR;
				CLANG_WARN_DOCUMENTATION_COMMENTS = YES;
				CLANG_WARN_EMPTY_BODY = YES;
				CLANG_WARN_ENUM_CONVERSION = YES;
				CLANG_WARN_INFINITE_RECURSION = YES;
				CLANG_WARN_INT_CONVERSION = YES;
				CLANG_WARN_NON_LITERAL_NULL_CONVERSION = YES;
				CLANG_WARN_OBJC_IMPLICIT_RETAIN_SELF = YES;
				CLANG_WARN_OBJC_LITERAL_CONVERSION = YES;
				CLANG_WARN_OBJC_ROOT_CLASS = YES_ERROR;
				CLANG_WARN_RANGE_LOOP_ANALYSIS = YES;
				CLANG_WARN_STRICT_PROTOTYPES = YES;
				CLANG_WARN_SUSPICIOUS_MOVE = YES;
				CLANG_WARN_UNGUARDED_AVAILABILITY = YES_AGGRESSIVE;
				CLANG_WARN_UNREACHABLE_CODE = YES;
				CLANG_WARN__DUPLICATE_METHOD_MATCH = YES;
				CODE_SIGN_IDENTITY = "iPhone Developer";
				COPY_PHASE_STRIP = NO;
				DEBUG_INFORMATION_FORMAT = dwarf;
				ENABLE_STRICT_OBJC_MSGSEND = YES;
				ENABLE_TESTABILITY = YES;
				GCC_C_LANGUAGE_STANDARD = gnu11;
				GCC_DYNAMIC_NO_PIC = NO;
				GCC_NO_COMMON_BLOCKS = YES;
				GCC_OPTIMIZATION_LEVEL = 0;
				GCC_PREPROCESSOR_DEFINITIONS = (
					"DEBUG=1",
					"$(inherited)",
				);
				GCC_WARN_64_TO_32_BIT_CONVERSION = YES;
				GCC_WARN_ABOUT_RETURN_TYPE = YES_ERROR;
				GCC_WARN_UNDECLARED_SELECTOR = YES;
				GCC_WARN_UNINITIALIZED_AUTOS = YES_AGGRESSIVE;
				GCC_WARN_UNUSED_FUNCTION = YES;
				GCC_WARN_UNUSED_VARIABLE = YES;
				IPHONEOS_DEPLOYMENT_TARGET = 12.2;
				MTL_ENABLE_DEBUG_INFO = INCLUDE_SOURCE;
				MTL_FAST_MATH = YES;
				ONLY_ACTIVE_ARCH = YES;
				SDKROOT = iphoneos;
				SWIFT_ACTIVE_COMPILATION_CONDITIONS = DEBUG;
				SWIFT_OPTIMIZATION_LEVEL = "-Onone";
			};
			name = Debug;
		};
		BC57A4BD22E4B302000642B7 /* Release */ = {
			isa = XCBuildConfiguration;
			buildSettings = {
				ALWAYS_SEARCH_USER_PATHS = NO;
				CLANG_ANALYZER_NONNULL = YES;
				CLANG_ANALYZER_NUMBER_OBJECT_CONVERSION = YES_AGGRESSIVE;
				CLANG_CXX_LANGUAGE_STANDARD = "gnu++14";
				CLANG_CXX_LIBRARY = "libc++";
				CLANG_ENABLE_MODULES = YES;
				CLANG_ENABLE_OBJC_ARC = YES;
				CLANG_ENABLE_OBJC_WEAK = YES;
				CLANG_WARN_BLOCK_CAPTURE_AUTORELEASING = YES;
				CLANG_WARN_BOOL_CONVERSION = YES;
				CLANG_WARN_COMMA = YES;
				CLANG_WARN_CONSTANT_CONVERSION = YES;
				CLANG_WARN_DEPRECATED_OBJC_IMPLEMENTATIONS = YES;
				CLANG_WARN_DIRECT_OBJC_ISA_USAGE = YES_ERROR;
				CLANG_WARN_DOCUMENTATION_COMMENTS = YES;
				CLANG_WARN_EMPTY_BODY = YES;
				CLANG_WARN_ENUM_CONVERSION = YES;
				CLANG_WARN_INFINITE_RECURSION = YES;
				CLANG_WARN_INT_CONVERSION = YES;
				CLANG_WARN_NON_LITERAL_NULL_CONVERSION = YES;
				CLANG_WARN_OBJC_IMPLICIT_RETAIN_SELF = YES;
				CLANG_WARN_OBJC_LITERAL_CONVERSION = YES;
				CLANG_WARN_OBJC_ROOT_CLASS = YES_ERROR;
				CLANG_WARN_RANGE_LOOP_ANALYSIS = YES;
				CLANG_WARN_STRICT_PROTOTYPES = YES;
				CLANG_WARN_SUSPICIOUS_MOVE = YES;
				CLANG_WARN_UNGUARDED_AVAILABILITY = YES_AGGRESSIVE;
				CLANG_WARN_UNREACHABLE_CODE = YES;
				CLANG_WARN__DUPLICATE_METHOD_MATCH = YES;
				CODE_SIGN_IDENTITY = "iPhone Developer";
				COPY_PHASE_STRIP = NO;
				DEBUG_INFORMATION_FORMAT = "dwarf-with-dsym";
				ENABLE_NS_ASSERTIONS = NO;
				ENABLE_STRICT_OBJC_MSGSEND = YES;
				GCC_C_LANGUAGE_STANDARD = gnu11;
				GCC_NO_COMMON_BLOCKS = YES;
				GCC_WARN_64_TO_32_BIT_CONVERSION = YES;
				GCC_WARN_ABOUT_RETURN_TYPE = YES_ERROR;
				GCC_WARN_UNDECLARED_SELECTOR = YES;
				GCC_WARN_UNINITIALIZED_AUTOS = YES_AGGRESSIVE;
				GCC_WARN_UNUSED_FUNCTION = YES;
				GCC_WARN_UNUSED_VARIABLE = YES;
				IPHONEOS_DEPLOYMENT_TARGET = 12.2;
				MTL_ENABLE_DEBUG_INFO = NO;
				MTL_FAST_MATH = YES;
				SDKROOT = iphoneos;
				SWIFT_COMPILATION_MODE = wholemodule;
				SWIFT_OPTIMIZATION_LEVEL = "-O";
				VALIDATE_PRODUCT = YES;
			};
			name = Release;
		};
		BC57A4BF22E4B302000642B7 /* Debug */ = {
			isa = XCBuildConfiguration;
			baseConfigurationReference = 611D27C253C52EEB8485918D /* Pods-ChristLife.debug.xcconfig */;
			buildSettings = {
				ASSETCATALOG_COMPILER_APPICON_NAME = AppIcon;
				ASSETCATALOG_COMPILER_LAUNCHIMAGE_NAME = LaunchImage;
				CODE_SIGN_STYLE = Automatic;
				DEVELOPMENT_TEAM = L3Y3NN5H2E;
				INFOPLIST_FILE = "$(SRCROOT)/ChristLife/Supporting Files/Info.plist";
				LD_RUNPATH_SEARCH_PATHS = (
					"$(inherited)",
					"@executable_path/Frameworks",
				);
				PRODUCT_BUNDLE_IDENTIFIER = KirlosYousef.ChristLife;
				PRODUCT_NAME = "$(TARGET_NAME)";
				SWIFT_VERSION = 5.0;
				TARGETED_DEVICE_FAMILY = "1,2";
			};
			name = Debug;
		};
		BC57A4C022E4B302000642B7 /* Release */ = {
			isa = XCBuildConfiguration;
			baseConfigurationReference = E419B43678B20206EB8C620C /* Pods-ChristLife.release.xcconfig */;
			buildSettings = {
				ASSETCATALOG_COMPILER_APPICON_NAME = AppIcon;
				ASSETCATALOG_COMPILER_LAUNCHIMAGE_NAME = LaunchImage;
				CODE_SIGN_STYLE = Automatic;
				DEVELOPMENT_TEAM = L3Y3NN5H2E;
				INFOPLIST_FILE = "$(SRCROOT)/ChristLife/Supporting Files/Info.plist";
				LD_RUNPATH_SEARCH_PATHS = (
					"$(inherited)",
					"@executable_path/Frameworks",
				);
				PRODUCT_BUNDLE_IDENTIFIER = KirlosYousef.ChristLife;
				PRODUCT_NAME = "$(TARGET_NAME)";
				SWIFT_VERSION = 5.0;
				TARGETED_DEVICE_FAMILY = "1,2";
			};
			name = Release;
		};
/* End XCBuildConfiguration section */

/* Begin XCConfigurationList section */
		BC57A4A722E4B301000642B7 /* Build configuration list for PBXProject "ChristLife" */ = {
			isa = XCConfigurationList;
			buildConfigurations = (
				BC57A4BC22E4B302000642B7 /* Debug */,
				BC57A4BD22E4B302000642B7 /* Release */,
			);
			defaultConfigurationIsVisible = 0;
			defaultConfigurationName = Release;
		};
		BC57A4BE22E4B302000642B7 /* Build configuration list for PBXNativeTarget "ChristLife" */ = {
			isa = XCConfigurationList;
			buildConfigurations = (
				BC57A4BF22E4B302000642B7 /* Debug */,
				BC57A4C022E4B302000642B7 /* Release */,
			);
			defaultConfigurationIsVisible = 0;
			defaultConfigurationName = Release;
		};
/* End XCConfigurationList section */
	};
	rootObject = BC57A4A422E4B301000642B7 /* Project object */;
}
